
Microsoft Visual Studio Solution File, Format Version 12.00
# Visual Studio Version 16
VisualStudioVersion = 16.0.29209.62
MinimumVisualStudioVersion = 10.0.40219.1
Project("{8BC9CEB8-8B4A-11D0-8D11-00A0C91BC942}") = "Compilador", "Compilador.vcxproj", "{109FC7E2-1E57-4D77-BA20-80BA50D5C589}"
EndProject
Global
	GlobalSection(SolutionConfigurationPlatforms) = preSolution
		Debug|x64 = Debug|x64
		Debug|x86 = Debug|x86
		Release|x64 = Release|x64
		Release|x86 = Release|x86
	EndGlobalSection
	GlobalSection(ProjectConfigurationPlatforms) = postSolution
		{109FC7E2-1E57-4D77-BA20-80BA50D5C589}.Debug|x64.ActiveCfg = Debug|x64
		{109FC7E2-1E57-4D77-BA20-80BA50D5C589}.Debug|x64.Build.0 = Debug|x64
		{109FC7E2-1E57-4D77-BA20-80BA50D5C589}.Debug|x86.ActiveCfg = Debug|Win32
		{109FC7E2-1E57-4D77-BA20-80BA50D5C589}.Debug|x86.Build.0 = Debug|Win32
		{109FC7E2-1E57-4D77-BA20-80BA50D5C589}.Release|x64.ActiveCfg = Release|x64
		{109FC7E2-1E57-4D77-BA20-80BA50D5C589}.Release|x64.Build.0 = Release|x64
		{109FC7E2-1E57-4D77-BA20-80BA50D5C589}.Release|x86.ActiveCfg = Release|Win32
		{109FC7E2-1E57-4D77-BA20-80BA50D5C589}.Release|x86.Build.0 = Release|Win32
	EndGlobalSection
	GlobalSection(SolutionProperties) = preSolution
		HideSolutionNode = FALSE
	EndGlobalSection
	GlobalSection(ExtensibilityGlobals) = postSolution
		SolutionGuid = {837A147E-0EEE-426A-B7F0-22E17D21F046}
	EndGlobalSection
EndGlobal
